
Microsoft Visual Studio Solution File, Format Version 12.00
# Visual Studio Version 16
VisualStudioVersion = 16.0.29424.173
MinimumVisualStudioVersion = 10.0.40219.1
Project("{FAE04EC0-301F-11D3-BF4B-00C04F79EFBC}") = "DrawChart", "DrawChart\DrawChart.csproj", "{B7F66E7C-681E-4E54-9566-D632FF3EA765}"
EndProject
Global
	GlobalSection(SolutionConfigurationPlatforms) = preSolution
		Debug|Any CPU = Debug|Any CPU
		Release|Any CPU = Release|Any CPU
	EndGlobalSection
	GlobalSection(ProjectConfigurationPlatforms) = postSolution
		{B7F66E7C-681E-4E54-9566-D632FF3EA765}.Debug|Any CPU.ActiveCfg = Debug|Any CPU
		{B7F66E7C-681E-4E54-9566-D632FF3EA765}.Debug|Any CPU.Build.0 = Debug|Any CPU
		{B7F66E7C-681E-4E54-9566-D632FF3EA765}.Release|Any CPU.ActiveCfg = Release|Any CPU
		{B7F66E7C-681E-4E54-9566-D632FF3EA765}.Release|Any CPU.Build.0 = Release|Any CPU
	EndGlobalSection
	GlobalSection(SolutionProperties) = preSolution
		HideSolutionNode = FALSE
	EndGlobalSection
	GlobalSection(ExtensibilityGlobals) = postSolution
		SolutionGuid = {21F445E0-EC26-48DA-B99B-79D874D44E94}
	EndGlobalSection
EndGlobal
